// !$*UTF8*$!
{
	archiveVersion = 1;
	classes = {
	};
	objectVersion = 56;
	objects = {

/* Begin PBXBuildFile section */
		0DD231D42B4DFE5D00F6341A /* first_appApp.swift in Sources */ = {isa = PBXBuildFile; fileRef = 0DD231D32B4DFE5D00F6341A /* first_appApp.swift */; };
		0DD231D62B4DFE5D00F6341A /* ContentView.swift in Sources */ = {isa = PBXBuildFile; fileRef = 0DD231D52B4DFE5D00F6341A /* ContentView.swift */; };
		0DD231D82B4DFE5F00F6341A /* Assets.xcassets in Resources */ = {isa = PBXBuildFile; fileRef = 0DD231D72B4DFE5F00F6341A /* Assets.xcassets */; };
		0DD231DC2B4DFE5F00F6341A /* Preview Assets.xcassets in Resources */ = {isa = PBXBuildFile; fileRef = 0DD231DB2B4DFE5F00F6341A /* Preview Assets.xcassets */; };
		0DD231E62B4DFE5F00F6341A /* first_appTests.swift in Sources */ = {isa = PBXBuildFile; fileRef = 0DD231E52B4DFE5F00F6341A /* first_appTests.swift */; };
		0DD231F02B4DFE5F00F6341A /* first_appUITests.swift in Sources */ = {isa = PBXBuildFile; fileRef = 0DD231EF2B4DFE5F00F6341A /* first_appUITests.swift */; };
		0DD231F22B4DFE6000F6341A /* first_appUITestsLaunchTests.swift in Sources */ = {isa = PBXBuildFile; fileRef = 0DD231F12B4DFE6000F6341A /* first_appUITestsLaunchTests.swift */; };
/* End PBXBuildFile section */

/* Begin PBXContainerItemProxy section */
		0DD231E22B4DFE5F00F6341A /* PBXContainerItemProxy */ = {
			isa = PBXContainerItemProxy;
			containerPortal = 0DD231C82B4DFE5C00F6341A /* Project object */;
			proxyType = 1;
			remoteGlobalIDString = 0DD231CF2B4DFE5D00F6341A;
			remoteInfo = "first-app";
		};
		0DD231EC2B4DFE5F00F6341A /* PBXContainerItemProxy */ = {
			isa = PBXContainerItemProxy;
			containerPortal = 0DD231C82B4DFE5C00F6341A /* Project object */;
			proxyType = 1;
			remoteGlobalIDString = 0DD231CF2B4DFE5D00F6341A;
			remoteInfo = "first-app";
		};
/* End PBXContainerItemProxy section */

/* Begin PBXFileReference section */
		0DD231D02B4DFE5D00F6341A /* first-app.app */ = {isa = PBXFileReference; explicitFileType = wrapper.application; includeInIndex = 0; path = "first-app.app"; sourceTree = BUILT_PRODUCTS_DIR; };
		0DD231D32B4DFE5D00F6341A /* first_appApp.swift */ = {isa = PBXFileReference; lastKnownFileType = sourcecode.swift; path = first_appApp.swift; sourceTree = "<group>"; };
		0DD231D52B4DFE5D00F6341A /* ContentView.swift */ = {isa = PBXFileReference; lastKnownFileType = sourcecode.swift; path = ContentView.swift; sourceTree = "<group>"; };
		0DD231D72B4DFE5F00F6341A /* Assets.xcassets */ = {isa = PBXFileReference; lastKnownFileType = folder.assetcatalog; path = Assets.xcassets; sourceTree = "<group>"; };
		0DD231D92B4DFE5F00F6341A /* first_app.entitlements */ = {isa = PBXFileReference; lastKnownFileType = text.plist.entitlements; path = first_app.entitlements; sourceTree = "<group>"; };
		0DD231DB2B4DFE5F00F6341A /* Preview Assets.xcassets */ = {isa = PBXFileReference; lastKnownFileType = folder.assetcatalog; path = "Preview Assets.xcassets"; sourceTree = "<group>"; };
		0DD231E12B4DFE5F00F6341A /* first-appTests.xctest */ = {isa = PBXFileReference; explicitFileType = wrapper.cfbundle; includeInIndex = 0; path = "first-appTests.xctest"; sourceTree = BUILT_PRODUCTS_DIR; };
		0DD231E52B4DFE5F00F6341A /* first_appTests.swift */ = {isa = PBXFileReference; lastKnownFileType = sourcecode.swift; path = first_appTests.swift; sourceTree = "<group>"; };
		0DD231EB2B4DFE5F00F6341A /* first-appUITests.xctest */ = {isa = PBXFileReference; explicitFileType = wrapper.cfbundle; includeInIndex = 0; path = "first-appUITests.xctest"; sourceTree = BUILT_PRODUCTS_DIR; };
		0DD231EF2B4DFE5F00F6341A /* first_appUITests.swift */ = {isa = PBXFileReference; lastKnownFileType = sourcecode.swift; path = first_appUITests.swift; sourceTree = "<group>"; };
		0DD231F12B4DFE6000F6341A /* first_appUITestsLaunchTests.swift */ = {isa = PBXFileReference; lastKnownFileType = sourcecode.swift; path = first_appUITestsLaunchTests.swift; sourceTree = "<group>"; };
/* End PBXFileReference section */

/* Begin PBXFrameworksBuildPhase section */
		0DD231CD2B4DFE5D00F6341A /* Frameworks */ = {
			isa = PBXFrameworksBuildPhase;
			buildActionMask = 2147483647;
			files = (
			);
			runOnlyForDeploymentPostprocessing = 0;
		};
		0DD231DE2B4DFE5F00F6341A /* Frameworks */ = {
			isa = PBXFrameworksBuildPhase;
			buildActionMask = 2147483647;
			files = (
			);
			runOnlyForDeploymentPostprocessing = 0;
		};
		0DD231E82B4DFE5F00F6341A /* Frameworks */ = {
			isa = PBXFrameworksBuildPhase;
			buildActionMask = 2147483647;
			files = (
			);
			runOnlyForDeploymentPostprocessing = 0;
		};
/* End PBXFrameworksBuildPhase section */

/* Begin PBXGroup section */
		0DD231C72B4DFE5C00F6341A = {
			isa = PBXGroup;
			children = (
				0DD231D22B4DFE5D00F6341A /* first-app */,
				0DD231E42B4DFE5F00F6341A /* first-appTests */,
				0DD231EE2B4DFE5F00F6341A /* first-appUITests */,
				0DD231D12B4DFE5D00F6341A /* Products */,
			);
			sourceTree = "<group>";
		};
		0DD231D12B4DFE5D00F6341A /* Products */ = {
			isa = PBXGroup;
			children = (
				0DD231D02B4DFE5D00F6341A /* first-app.app */,
				0DD231E12B4DFE5F00F6341A /* first-appTests.xctest */,
				0DD231EB2B4DFE5F00F6341A /* first-appUITests.xctest */,
			);
			name = Products;
			sourceTree = "<group>";
		};
		0DD231D22B4DFE5D00F6341A /* first-app */ = {
			isa = PBXGroup;
			children = (
				0DD231D32B4DFE5D00F6341A /* first_appApp.swift */,
				0DD231D52B4DFE5D00F6341A /* ContentView.swift */,
				0DD231D72B4DFE5F00F6341A /* Assets.xcassets */,
				0DD231D92B4DFE5F00F6341A /* first_app.entitlements */,
				0DD231DA2B4DFE5F00F6341A /* Preview Content */,
			);
			path = "first-app";
			sourceTree = "<group>";
		};
		0DD231DA2B4DFE5F00F6341A /* Preview Content */ = {
			isa = PBXGroup;
			children = (
				0DD231DB2B4DFE5F00F6341A /* Preview Assets.xcassets */,
			);
			path = "Preview Content";
			sourceTree = "<group>";
		};
		0DD231E42B4DFE5F00F6341A /* first-appTests */ = {
			isa = PBXGroup;
			children = (
				0DD231E52B4DFE5F00F6341A /* first_appTests.swift */,
			);
			path = "first-appTests";
			sourceTree = "<group>";
		};
		0DD231EE2B4DFE5F00F6341A /* first-appUITests */ = {
			isa = PBXGroup;
			children = (
				0DD231EF2B4DFE5F00F6341A /* first_appUITests.swift */,
				0DD231F12B4DFE6000F6341A /* first_appUITestsLaunchTests.swift */,
			);
			path = "first-appUITests";
			sourceTree = "<group>";
		};
/* End PBXGroup section */

/* Begin PBXNativeTarget section */
		0DD231CF2B4DFE5D00F6341A /* first-app */ = {
			isa = PBXNativeTarget;
			buildConfigurationList = 0DD231F52B4DFE6000F6341A /* Build configuration list for PBXNativeTarget "first-app" */;
			buildPhases = (
				0DD231CC2B4DFE5D00F6341A /* Sources */,
				0DD231CD2B4DFE5D00F6341A /* Frameworks */,
				0DD231CE2B4DFE5D00F6341A /* Resources */,
			);
			buildRules = (
			);
			dependencies = (
			);
			name = "first-app";
			productName = "first-app";
			productReference = 0DD231D02B4DFE5D00F6341A /* first-app.app */;
			productType = "com.apple.product-type.application";
		};
		0DD231E02B4DFE5F00F6341A /* first-appTests */ = {
			isa = PBXNativeTarget;
			buildConfigurationList = 0DD231F82B4DFE6000F6341A /* Build configuration list for PBXNativeTarget "first-appTests" */;
			buildPhases = (
				0DD231DD2B4DFE5F00F6341A /* Sources */,
				0DD231DE2B4DFE5F00F6341A /* Frameworks */,
				0DD231DF2B4DFE5F00F6341A /* Resources */,
			);
			buildRules = (
			);
			dependencies = (
				0DD231E32B4DFE5F00F6341A /* PBXTargetDependency */,
			);
			name = "first-appTests";
			productName = "first-appTests";
			productReference = 0DD231E12B4DFE5F00F6341A /* first-appTests.xctest */;
			productType = "com.apple.product-type.bundle.unit-test";
		};
		0DD231EA2B4DFE5F00F6341A /* first-appUITests */ = {
			isa = PBXNativeTarget;
			buildConfigurationList = 0DD231FB2B4DFE6000F6341A /* Build configuration list for PBXNativeTarget "first-appUITests" */;
			buildPhases = (
				0DD231E72B4DFE5F00F6341A /* Sources */,
				0DD231E82B4DFE5F00F6341A /* Frameworks */,
				0DD231E92B4DFE5F00F6341A /* Resources */,
			);
			buildRules = (
			);
			dependencies = (
				0DD231ED2B4DFE5F00F6341A /* PBXTargetDependency */,
			);
			name = "first-appUITests";
			productName = "first-appUITests";
			productReference = 0DD231EB2B4DFE5F00F6341A /* first-appUITests.xctest */;
			productType = "com.apple.product-type.bundle.ui-testing";
		};
/* End PBXNativeTarget section */

/* Begin PBXProject section */
		0DD231C82B4DFE5C00F6341A /* Project object */ = {
			isa = PBXProject;
			attributes = {
				BuildIndependentTargetsInParallel = 1;
				LastSwiftUpdateCheck = 1520;
				LastUpgradeCheck = 1520;
				TargetAttributes = {
					0DD231CF2B4DFE5D00F6341A = {
						CreatedOnToolsVersion = 15.2;
					};
					0DD231E02B4DFE5F00F6341A = {
						CreatedOnToolsVersion = 15.2;
						TestTargetID = 0DD231CF2B4DFE5D00F6341A;
					};
					0DD231EA2B4DFE5F00F6341A = {
						CreatedOnToolsVersion = 15.2;
						TestTargetID = 0DD231CF2B4DFE5D00F6341A;
					};
				};
			};
			buildConfigurationList = 0DD231CB2B4DFE5C00F6341A /* Build configuration list for PBXProject "first-app" */;
			compatibilityVersion = "Xcode 14.0";
			developmentRegion = en;
			hasScannedForEncodings = 0;
			knownRegions = (
				en,
				Base,
			);
			mainGroup = 0DD231C72B4DFE5C00F6341A;
			productRefGroup = 0DD231D12B4DFE5D00F6341A /* Products */;
			projectDirPath = "";
			projectRoot = "";
			targets = (
				0DD231CF2B4DFE5D00F6341A /* first-app */,
				0DD231E02B4DFE5F00F6341A /* first-appTests */,
				0DD231EA2B4DFE5F00F6341A /* first-appUITests */,
			);
		};
/* End PBXProject section */

/* Begin PBXResourcesBuildPhase section */
		0DD231CE2B4DFE5D00F6341A /* Resources */ = {
			isa = PBXResourcesBuildPhase;
			buildActionMask = 2147483647;
			files = (
				0DD231DC2B4DFE5F00F6341A /* Preview Assets.xcassets in Resources */,
				0DD231D82B4DFE5F00F6341A /* Assets.xcassets in Resources */,
			);
			runOnlyForDeploymentPostprocessing = 0;
		};
		0DD231DF2B4DFE5F00F6341A /* Resources */ = {
			isa = PBXResourcesBuildPhase;
			buildActionMask = 2147483647;
			files = (
			);
			runOnlyForDeploymentPostprocessing = 0;
		};
		0DD231E92B4DFE5F00F6341A /* Resources */ = {
			isa = PBXResourcesBuildPhase;
			buildActionMask = 2147483647;
			files = (
			);
			runOnlyForDeploymentPostprocessing = 0;
		};
/* End PBXResourcesBuildPhase section */

/* Begin PBXSourcesBuildPhase section */
		0DD231CC2B4DFE5D00F6341A /* Sources */ = {
			isa = PBXSourcesBuildPhase;
			buildActionMask = 2147483647;
			files = (
				0DD231D62B4DFE5D00F6341A /* ContentView.swift in Sources */,
				0DD231D42B4DFE5D00F6341A /* first_appApp.swift in Sources */,
			);
			runOnlyForDeploymentPostprocessing = 0;
		};
		0DD231DD2B4DFE5F00F6341A /* Sources */ = {
			isa = PBXSourcesBuildPhase;
			buildActionMask = 2147483647;
			files = (
				0DD231E62B4DFE5F00F6341A /* first_appTests.swift in Sources */,
			);
			runOnlyForDeploymentPostprocessing = 0;
		};
		0DD231E72B4DFE5F00F6341A /* Sources */ = {
			isa = PBXSourcesBuildPhase;
			buildActionMask = 2147483647;
			files = (
				0DD231F02B4DFE5F00F6341A /* first_appUITests.swift in Sources */,
				0DD231F22B4DFE6000F6341A /* first_appUITestsLaunchTests.swift in Sources */,
			);
			runOnlyForDeploymentPostprocessing = 0;
		};
/* End PBXSourcesBuildPhase section */

/* Begin PBXTargetDependency section */
		0DD231E32B4DFE5F00F6341A /* PBXTargetDependency */ = {
			isa = PBXTargetDependency;
			target = 0DD231CF2B4DFE5D00F6341A /* first-app */;
			targetProxy = 0DD231E22B4DFE5F00F6341A /* PBXContainerItemProxy */;
		};
		0DD231ED2B4DFE5F00F6341A /* PBXTargetDependency */ = {
			isa = PBXTargetDependency;
			target = 0DD231CF2B4DFE5D00F6341A /* first-app */;
			targetProxy = 0DD231EC2B4DFE5F00F6341A /* PBXContainerItemProxy */;
		};
/* End PBXTargetDependency section */

/* Begin XCBuildConfiguration section */
		0DD231F32B4DFE6000F6341A /* Debug */ = {
			isa = XCBuildConfiguration;
			buildSettings = {
				ALWAYS_SEARCH_USER_PATHS = NO;
				ASSETCATALOG_COMPILER_GENERATE_SWIFT_ASSET_SYMBOL_EXTENSIONS = YES;
				CLANG_ANALYZER_NONNULL = YES;
				CLANG_ANALYZER_NUMBER_OBJECT_CONVERSION = YES_AGGRESSIVE;
				CLANG_CXX_LANGUAGE_STANDARD = "gnu++20";
				CLANG_ENABLE_MODULES = YES;
				CLANG_ENABLE_OBJC_ARC = YES;
				CLANG_ENABLE_OBJC_WEAK = YES;
				CLANG_WARN_BLOCK_CAPTURE_AUTORELEASING = YES;
				CLANG_WARN_BOOL_CONVERSION = YES;
				CLANG_WARN_COMMA = YES;
				CLANG_WARN_CONSTANT_CONVERSION = YES;
				CLANG_WARN_DEPRECATED_OBJC_IMPLEMENTATIONS = YES;
				CLANG_WARN_DIRECT_OBJC_ISA_USAGE = YES_ERROR;
				CLANG_WARN_DOCUMENTATION_COMMENTS = YES;
				CLANG_WARN_EMPTY_BODY = YES;
				CLANG_WARN_ENUM_CONVERSION = YES;
				CLANG_WARN_INFINITE_RECURSION = YES;
				CLANG_WARN_INT_CONVERSION = YES;
				CLANG_WARN_NON_LITERAL_NULL_CONVERSION = YES;
				CLANG_WARN_OBJC_IMPLICIT_RETAIN_SELF = YES;
				CLANG_WARN_OBJC_LITERAL_CONVERSION = YES;
				CLANG_WARN_OBJC_ROOT_CLASS = YES_ERROR;
				CLANG_WARN_QUOTED_INCLUDE_IN_FRAMEWORK_HEADER = YES;
				CLANG_WARN_RANGE_LOOP_ANALYSIS = YES;
				CLANG_WARN_STRICT_PROTOTYPES = YES;
				CLANG_WARN_SUSPICIOUS_MOVE = YES;
				CLANG_WARN_UNGUARDED_AVAILABILITY = YES_AGGRESSIVE;
				CLANG_WARN_UNREACHABLE_CODE = YES;
				CLANG_WARN__DUPLICATE_METHOD_MATCH = YES;
				COPY_PHASE_STRIP = NO;
				DEBUG_INFORMATION_FORMAT = dwarf;
				ENABLE_STRICT_OBJC_MSGSEND = YES;
				ENABLE_TESTABILITY = YES;
				ENABLE_USER_SCRIPT_SANDBOXING = YES;
				GCC_C_LANGUAGE_STANDARD = gnu17;
				GCC_DYNAMIC_NO_PIC = NO;
				GCC_NO_COMMON_BLOCKS = YES;
				GCC_OPTIMIZATION_LEVEL = 0;
				GCC_PREPROCESSOR_DEFINITIONS = (
					"DEBUG=1",
					"$(inherited)",
				);
				GCC_WARN_64_TO_32_BIT_CONVERSION = YES;
				GCC_WARN_ABOUT_RETURN_TYPE = YES_ERROR;
				GCC_WARN_UNDECLARED_SELECTOR = YES;
				GCC_WARN_UNINITIALIZED_AUTOS = YES_AGGRESSIVE;
				GCC_WARN_UNUSED_FUNCTION = YES;
				GCC_WARN_UNUSED_VARIABLE = YES;
				LOCALIZATION_PREFERS_STRING_CATALOGS = YES;
				MTL_ENABLE_DEBUG_INFO = INCLUDE_SOURCE;
				MTL_FAST_MATH = YES;
				ONLY_ACTIVE_ARCH = YES;
				SWIFT_ACTIVE_COMPILATION_CONDITIONS = "DEBUG $(inherited)";
				SWIFT_OPTIMIZATION_LEVEL = "-Onone";
			};
			name = Debug;
		};
		0DD231F42B4DFE6000F6341A /* Release */ = {
			isa = XCBuildConfiguration;
			buildSettings = {
				ALWAYS_SEARCH_USER_PATHS = NO;
				ASSETCATALOG_COMPILER_GENERATE_SWIFT_ASSET_SYMBOL_EXTENSIONS = YES;
				CLANG_ANALYZER_NONNULL = YES;
				CLANG_ANALYZER_NUMBER_OBJECT_CONVERSION = YES_AGGRESSIVE;
				CLANG_CXX_LANGUAGE_STANDARD = "gnu++20";
				CLANG_ENABLE_MODULES = YES;
				CLANG_ENABLE_OBJC_ARC = YES;
				CLANG_ENABLE_OBJC_WEAK = YES;
				CLANG_WARN_BLOCK_CAPTURE_AUTORELEASING = YES;
				CLANG_WARN_BOOL_CONVERSION = YES;
				CLANG_WARN_COMMA = YES;
				CLANG_WARN_CONSTANT_CONVERSION = YES;
				CLANG_WARN_DEPRECATED_OBJC_IMPLEMENTATIONS = YES;
				CLANG_WARN_DIRECT_OBJC_ISA_USAGE = YES_ERROR;
				CLANG_WARN_DOCUMENTATION_COMMENTS = YES;
				CLANG_WARN_EMPTY_BODY = YES;
				CLANG_WARN_ENUM_CONVERSION = YES;
				CLANG_WARN_INFINITE_RECURSION = YES;
				CLANG_WARN_INT_CONVERSION = YES;
				CLANG_WARN_NON_LITERAL_NULL_CONVERSION = YES;
				CLANG_WARN_OBJC_IMPLICIT_RETAIN_SELF = YES;
				CLANG_WARN_OBJC_LITERAL_CONVERSION = YES;
				CLANG_WARN_OBJC_ROOT_CLASS = YES_ERROR;
				CLANG_WARN_QUOTED_INCLUDE_IN_FRAMEWORK_HEADER = YES;
				CLANG_WARN_RANGE_LOOP_ANALYSIS = YES;
				CLANG_WARN_STRICT_PROTOTYPES = YES;
				CLANG_WARN_SUSPICIOUS_MOVE = YES;
				CLANG_WARN_UNGUARDED_AVAILABILITY = YES_AGGRESSIVE;
				CLANG_WARN_UNREACHABLE_CODE = YES;
				CLANG_WARN__DUPLICATE_METHOD_MATCH = YES;
				COPY_PHASE_STRIP = NO;
				DEBUG_INFORMATION_FORMAT = "dwarf-with-dsym";
				ENABLE_NS_ASSERTIONS = NO;
				ENABLE_STRICT_OBJC_MSGSEND = YES;
				ENABLE_USER_SCRIPT_SANDBOXING = YES;
				GCC_C_LANGUAGE_STANDARD = gnu17;
				GCC_NO_COMMON_BLOCKS = YES;
				GCC_WARN_64_TO_32_BIT_CONVERSION = YES;
				GCC_WARN_ABOUT_RETURN_TYPE = YES_ERROR;
				GCC_WARN_UNDECLARED_SELECTOR = YES;
				GCC_WARN_UNINITIALIZED_AUTOS = YES_AGGRESSIVE;
				GCC_WARN_UNUSED_FUNCTION = YES;
				GCC_WARN_UNUSED_VARIABLE = YES;
				LOCALIZATION_PREFERS_STRING_CATALOGS = YES;
				MTL_ENABLE_DEBUG_INFO = NO;
				MTL_FAST_MATH = YES;
				SWIFT_COMPILATION_MODE = wholemodule;
			};
			name = Release;
		};
		0DD231F62B4DFE6000F6341A /* Debug */ = {
			isa = XCBuildConfiguration;
			buildSettings = {
				ASSETCATALOG_COMPILER_APPICON_NAME = AppIcon;
				ASSETCATALOG_COMPILER_GLOBAL_ACCENT_COLOR_NAME = AccentColor;
				CODE_SIGN_ENTITLEMENTS = "first-app/first_app.entitlements";
				CODE_SIGN_STYLE = Automatic;
				CURRENT_PROJECT_VERSION = 1;
				DEVELOPMENT_ASSET_PATHS = "\"first-app/Preview Content\"";
				DEVELOPMENT_TEAM = V5U4QH263K;
				ENABLE_HARDENED_RUNTIME = YES;
				ENABLE_PREVIEWS = YES;
				GENERATE_INFOPLIST_FILE = YES;
				"INFOPLIST_KEY_UIApplicationSceneManifest_Generation[sdk=iphoneos*]" = YES;
				"INFOPLIST_KEY_UIApplicationSceneManifest_Generation[sdk=iphonesimulator*]" = YES;
				"INFOPLIST_KEY_UIApplicationSupportsIndirectInputEvents[sdk=iphoneos*]" = YES;
				"INFOPLIST_KEY_UIApplicationSupportsIndirectInputEvents[sdk=iphonesimulator*]" = YES;
				"INFOPLIST_KEY_UILaunchScreen_Generation[sdk=iphoneos*]" = YES;
				"INFOPLIST_KEY_UILaunchScreen_Generation[sdk=iphonesimulator*]" = YES;
				"INFOPLIST_KEY_UIStatusBarStyle[sdk=iphoneos*]" = UIStatusBarStyleDefault;
				"INFOPLIST_KEY_UIStatusBarStyle[sdk=iphonesimulator*]" = UIStatusBarStyleDefault;
				INFOPLIST_KEY_UISupportedInterfaceOrientations_iPad = "UIInterfaceOrientationPortrait UIInterfaceOrientationPortraitUpsideDown UIInterfaceOrientationLandscapeLeft UIInterfaceOrientationLandscapeRight";
				INFOPLIST_KEY_UISupportedInterfaceOrientations_iPhone = "UIInterfaceOrientationPortrait UIInterfaceOrientationLandscapeLeft UIInterfaceOrientationLandscapeRight";
				IPHONEOS_DEPLOYMENT_TARGET = 17.2;
				LD_RUNPATH_SEARCH_PATHS = "@executable_path/Frameworks";
				"LD_RUNPATH_SEARCH_PATHS[sdk=macosx*]" = "@executable_path/../Frameworks";
				MACOSX_DEPLOYMENT_TARGET = 14.1;
				MARKETING_VERSION = 1.0;
				PRODUCT_BUNDLE_IDENTIFIER = "Nuclear.first-app";
				PRODUCT_NAME = "$(TARGET_NAME)";
				SDKROOT = auto;
				SUPPORTED_PLATFORMS = "iphoneos iphonesimulator macosx";
				SWIFT_EMIT_LOC_STRINGS = YES;
				SWIFT_VERSION = 5.0;
				TARGETED_DEVICE_FAMILY = "1,2";
			};
			name = Debug;
		};
		0DD231F72B4DFE6000F6341A /* Release */ = {
			isa = XCBuildConfiguration;
			buildSettings = {
				ASSETCATALOG_COMPILER_APPICON_NAME = AppIcon;
				ASSETCATALOG_COMPILER_GLOBAL_ACCENT_COLOR_NAME = AccentColor;
				CODE_SIGN_ENTITLEMENTS = "first-app/first_app.entitlements";
				CODE_SIGN_STYLE = Automatic;
				CURRENT_PROJECT_VERSION = 1;
				DEVELOPMENT_ASSET_PATHS = "\"first-app/Preview Content\"";
				DEVELOPMENT_TEAM = V5U4QH263K;
				ENABLE_HARDENED_RUNTIME = YES;
				ENABLE_PREVIEWS = YES;
				GENERATE_INFOPLIST_FILE = YES;
				"INFOPLIST_KEY_UIApplicationSceneManifest_Generation[sdk=iphoneos*]" = YES;
				"INFOPLIST_KEY_UIApplicationSceneManifest_Generation[sdk=iphonesimulator*]" = YES;
				"INFOPLIST_KEY_UIApplicationSupportsIndirectInputEvents[sdk=iphoneos*]" = YES;
				"INFOPLIST_KEY_UIApplicationSupportsIndirectInputEvents[sdk=iphonesimulator*]" = YES;
				"INFOPLIST_KEY_UILaunchScreen_Generation[sdk=iphoneos*]" = YES;
				"INFOPLIST_KEY_UILaunchScreen_Generation[sdk=iphonesimulator*]" = YES;
				"INFOPLIST_KEY_UIStatusBarStyle[sdk=iphoneos*]" = UIStatusBarStyleDefault;
				"INFOPLIST_KEY_UIStatusBarStyle[sdk=iphonesimulator*]" = UIStatusBarStyleDefault;
				INFOPLIST_KEY_UISupportedInterfaceOrientations_iPad = "UIInterfaceOrientationPortrait UIInterfaceOrientationPortraitUpsideDown UIInterfaceOrientationLandscapeLeft UIInterfaceOrientationLandscapeRight";
				INFOPLIST_KEY_UISupportedInterfaceOrientations_iPhone = "UIInterfaceOrientationPortrait UIInterfaceOrientationLandscapeLeft UIInterfaceOrientationLandscapeRight";
				IPHONEOS_DEPLOYMENT_TARGET = 17.2;
				LD_RUNPATH_SEARCH_PATHS = "@executable_path/Frameworks";
				"LD_RUNPATH_SEARCH_PATHS[sdk=macosx*]" = "@executable_path/../Frameworks";
				MACOSX_DEPLOYMENT_TARGET = 14.1;
				MARKETING_VERSION = 1.0;
				PRODUCT_BUNDLE_IDENTIFIER = "Nuclear.first-app";
				PRODUCT_NAME = "$(TARGET_NAME)";
				SDKROOT = auto;
				SUPPORTED_PLATFORMS = "iphoneos iphonesimulator macosx";
				SWIFT_EMIT_LOC_STRINGS = YES;
				SWIFT_VERSION = 5.0;
				TARGETED_DEVICE_FAMILY = "1,2";
			};
			name = Release;
		};
		0DD231F92B4DFE6000F6341A /* Debug */ = {
			isa = XCBuildConfiguration;
			buildSettings = {
				ALWAYS_EMBED_SWIFT_STANDARD_LIBRARIES = YES;
				BUNDLE_LOADER = "$(TEST_HOST)";
				CODE_SIGN_STYLE = Automatic;
				CURRENT_PROJECT_VERSION = 1;
				DEVELOPMENT_TEAM = V5U4QH263K;
				GENERATE_INFOPLIST_FILE = YES;
				IPHONEOS_DEPLOYMENT_TARGET = 17.2;
				MACOSX_DEPLOYMENT_TARGET = 14.1;
				MARKETING_VERSION = 1.0;
				PRODUCT_BUNDLE_IDENTIFIER = "Nuclear.first-appTests";
				PRODUCT_NAME = "$(TARGET_NAME)";
				SDKROOT = auto;
				SUPPORTED_PLATFORMS = "iphoneos iphonesimulator macosx";
				SWIFT_EMIT_LOC_STRINGS = NO;
				SWIFT_VERSION = 5.0;
				TARGETED_DEVICE_FAMILY = "1,2";
				TEST_HOST = "$(BUILT_PRODUCTS_DIR)/first-app.app/$(BUNDLE_EXECUTABLE_FOLDER_PATH)/first-app";
			};
			name = Debug;
		};
		0DD231FA2B4DFE6000F6341A /* Release */ = {
			isa = XCBuildConfiguration;
			buildSettings = {
				ALWAYS_EMBED_SWIFT_STANDARD_LIBRARIES = YES;
				BUNDLE_LOADER = "$(TEST_HOST)";
				CODE_SIGN_STYLE = Automatic;
				CURRENT_PROJECT_VERSION = 1;
				DEVELOPMENT_TEAM = V5U4QH263K;
				GENERATE_INFOPLIST_FILE = YES;
				IPHONEOS_DEPLOYMENT_TARGET = 17.2;
				MACOSX_DEPLOYMENT_TARGET = 14.1;
				MARKETING_VERSION = 1.0;
				PRODUCT_BUNDLE_IDENTIFIER = "Nuclear.first-appTests";
				PRODUCT_NAME = "$(TARGET_NAME)";
				SDKROOT = auto;
				SUPPORTED_PLATFORMS = "iphoneos iphonesimulator macosx";
				SWIFT_EMIT_LOC_STRINGS = NO;
				SWIFT_VERSION = 5.0;
				TARGETED_DEVICE_FAMILY = "1,2";
				TEST_HOST = "$(BUILT_PRODUCTS_DIR)/first-app.app/$(BUNDLE_EXECUTABLE_FOLDER_PATH)/first-app";
			};
			name = Release;
		};
		0DD231FC2B4DFE6000F6341A /* Debug */ = {
			isa = XCBuildConfiguration;
			buildSettings = {
				ALWAYS_EMBED_SWIFT_STANDARD_LIBRARIES = YES;
				CODE_SIGN_STYLE = Automatic;
				CURRENT_PROJECT_VERSION = 1;
				DEVELOPMENT_TEAM = V5U4QH263K;
				GENERATE_INFOPLIST_FILE = YES;
				IPHONEOS_DEPLOYMENT_TARGET = 17.2;
				MACOSX_DEPLOYMENT_TARGET = 14.1;
				MARKETING_VERSION = 1.0;
				PRODUCT_BUNDLE_IDENTIFIER = "Nuclear.first-appUITests";
				PRODUCT_NAME = "$(TARGET_NAME)";
				SDKROOT = auto;
				SUPPORTED_PLATFORMS = "iphoneos iphonesimulator macosx";
				SWIFT_EMIT_LOC_STRINGS = NO;
				SWIFT_VERSION = 5.0;
				TARGETED_DEVICE_FAMILY = "1,2";
				TEST_TARGET_NAME = "first-app";
			};
			name = Debug;
		};
		0DD231FD2B4DFE6000F6341A /* Release */ = {
			isa = XCBuildConfiguration;
			buildSettings = {
				ALWAYS_EMBED_SWIFT_STANDARD_LIBRARIES = YES;
				CODE_SIGN_STYLE = Automatic;
				CURRENT_PROJECT_VERSION = 1;
				DEVELOPMENT_TEAM = V5U4QH263K;
				GENERATE_INFOPLIST_FILE = YES;
				IPHONEOS_DEPLOYMENT_TARGET = 17.2;
				MACOSX_DEPLOYMENT_TARGET = 14.1;
				MARKETING_VERSION = 1.0;
				PRODUCT_BUNDLE_IDENTIFIER = "Nuclear.first-appUITests";
				PRODUCT_NAME = "$(TARGET_NAME)";
				SDKROOT = auto;
				SUPPORTED_PLATFORMS = "iphoneos iphonesimulator macosx";
				SWIFT_EMIT_LOC_STRINGS = NO;
				SWIFT_VERSION = 5.0;
				TARGETED_DEVICE_FAMILY = "1,2";
				TEST_TARGET_NAME = "first-app";
			};
			name = Release;
		};
/* End XCBuildConfiguration section */

/* Begin XCConfigurationList section */
		0DD231CB2B4DFE5C00F6341A /* Build configuration list for PBXProject "first-app" */ = {
			isa = XCConfigurationList;
			buildConfigurations = (
				0DD231F32B4DFE6000F6341A /* Debug */,
				0DD231F42B4DFE6000F6341A /* Release */,
			);
			defaultConfigurationIsVisible = 0;
			defaultConfigurationName = Release;
		};
		0DD231F52B4DFE6000F6341A /* Build configuration list for PBXNativeTarget "first-app" */ = {
			isa = XCConfigurationList;
			buildConfigurations = (
				0DD231F62B4DFE6000F6341A /* Debug */,
				0DD231F72B4DFE6000F6341A /* Release */,
			);
			defaultConfigurationIsVisible = 0;
			defaultConfigurationName = Release;
		};
		0DD231F82B4DFE6000F6341A /* Build configuration list for PBXNativeTarget "first-appTests" */ = {
			isa = XCConfigurationList;
			buildConfigurations = (
				0DD231F92B4DFE6000F6341A /* Debug */,
				0DD231FA2B4DFE6000F6341A /* Release */,
			);
			defaultConfigurationIsVisible = 0;
			defaultConfigurationName = Release;
		};
		0DD231FB2B4DFE6000F6341A /* Build configuration list for PBXNativeTarget "first-appUITests" */ = {
			isa = XCConfigurationList;
			buildConfigurations = (
				0DD231FC2B4DFE6000F6341A /* Debug */,
				0DD231FD2B4DFE6000F6341A /* Release */,
			);
			defaultConfigurationIsVisible = 0;
			defaultConfigurationName = Release;
		};
/* End XCConfigurationList section */
	};
	rootObject = 0DD231C82B4DFE5C00F6341A /* Project object */;
}
